
Microsoft Visual Studio Solution File, Format Version 12.00
# Visual Studio Version 17
Project("{FAE04EC0-301F-11D3-BF4B-00C04F79EFBC}") = "Dionysen-ScriptCore", "Dionysen-ScriptCore.csproj", "{59C80D86-C529-EB93-4E97-3146BAF72153}"
EndProject
Global
	GlobalSection(SolutionConfigurationPlatforms) = preSolution
		Debug|Any CPU = Debug|Any CPU
		Release|Any CPU = Release|Any CPU
	EndGlobalSection
	GlobalSection(ProjectConfigurationPlatforms) = postSolution
		{59C80D86-C529-EB93-4E97-3146BAF72153}.Debug|Any CPU.ActiveCfg = Debug|Any CPU
		{59C80D86-C529-EB93-4E97-3146BAF72153}.Debug|Any CPU.Build.0 = Debug|Any CPU
		{59C80D86-C529-EB93-4E97-3146BAF72153}.Release|Any CPU.ActiveCfg = Release|Any CPU
		{59C80D86-C529-EB93-4E97-3146BAF72153}.Release|Any CPU.Build.0 = Release|Any CPU
	EndGlobalSection
	GlobalSection(SolutionProperties) = preSolution
		HideSolutionNode = FALSE
	EndGlobalSection
EndGlobal
